
Microsoft Visual Studio Solution File, Format Version 12.00
# Visual Studio Version 17
VisualStudioVersion = 17.11.35208.52
MinimumVisualStudioVersion = 10.0.40219.1
Project("{FAE04EC0-301F-11D3-BF4B-00C04F79EFBC}") = "ProgectE", "ProgectE.csproj", "{B43E65B6-0E15-4BB0-A0F1-4E9A482AACD5}"
EndProject
Global
	GlobalSection(SolutionConfigurationPlatforms) = preSolution
		Debug|Any CPU = Debug|Any CPU
		Release|Any CPU = Release|Any CPU
	EndGlobalSection
	GlobalSection(ProjectConfigurationPlatforms) = postSolution
		{B43E65B6-0E15-4BB0-A0F1-4E9A482AACD5}.Debug|Any CPU.ActiveCfg = Debug|Any CPU
		{B43E65B6-0E15-4BB0-A0F1-4E9A482AACD5}.Debug|Any CPU.Build.0 = Debug|Any CPU
		{B43E65B6-0E15-4BB0-A0F1-4E9A482AACD5}.Release|Any CPU.ActiveCfg = Release|Any CPU
		{B43E65B6-0E15-4BB0-A0F1-4E9A482AACD5}.Release|Any CPU.Build.0 = Release|Any CPU
	EndGlobalSection
	GlobalSection(SolutionProperties) = preSolution
		HideSolutionNode = FALSE
	EndGlobalSection
	GlobalSection(ExtensibilityGlobals) = postSolution
		SolutionGuid = {BEDD4EA7-78FF-400B-A589-E0B6FEA582AF}
	EndGlobalSection
EndGlobal
